
Microsoft Visual Studio Solution File, Format Version 12.00
# Visual Studio 14
VisualStudioVersion = 14.0.25420.1
MinimumVisualStudioVersion = 10.0.40219.1
Project("{FAE04EC0-301F-11D3-BF4B-00C04F79EFBC}") = "Domain", "Domain\Domain.csproj", "{7BA4B0D2-C7C9-4CEE-9729-0C799D1AE4D5}"
EndProject
Project("{FAE04EC0-301F-11D3-BF4B-00C04F79EFBC}") = "Data", "Data\Data.csproj", "{125B2773-19E0-4599-BA60-24236D1920D4}"
EndProject
Project("{FAE04EC0-301F-11D3-BF4B-00C04F79EFBC}") = "Application", "Application\Application.csproj", "{DFDBEA2C-ED44-44FA-BF6C-5023C880E247}"
EndProject
Project("{FAE04EC0-301F-11D3-BF4B-00C04F79EFBC}") = "WinForms", "WinForms\WinForms.csproj", "{50E3873E-A34B-43EC-805B-A0A43104A531}"
EndProject
Global
	GlobalSection(SolutionConfigurationPlatforms) = preSolution
		Debug|Any CPU = Debug|Any CPU
		Release|Any CPU = Release|Any CPU
	EndGlobalSection
	GlobalSection(ProjectConfigurationPlatforms) = postSolution
		{7BA4B0D2-C7C9-4CEE-9729-0C799D1AE4D5}.Debug|Any CPU.ActiveCfg = Debug|Any CPU
		{7BA4B0D2-C7C9-4CEE-9729-0C799D1AE4D5}.Debug|Any CPU.Build.0 = Debug|Any CPU
		{7BA4B0D2-C7C9-4CEE-9729-0C799D1AE4D5}.Release|Any CPU.ActiveCfg = Release|Any CPU
		{7BA4B0D2-C7C9-4CEE-9729-0C799D1AE4D5}.Release|Any CPU.Build.0 = Release|Any CPU
		{125B2773-19E0-4599-BA60-24236D1920D4}.Debug|Any CPU.ActiveCfg = Debug|Any CPU
		{125B2773-19E0-4599-BA60-24236D1920D4}.Debug|Any CPU.Build.0 = Debug|Any CPU
		{125B2773-19E0-4599-BA60-24236D1920D4}.Release|Any CPU.ActiveCfg = Release|Any CPU
		{125B2773-19E0-4599-BA60-24236D1920D4}.Release|Any CPU.Build.0 = Release|Any CPU
		{DFDBEA2C-ED44-44FA-BF6C-5023C880E247}.Debug|Any CPU.ActiveCfg = Debug|Any CPU
		{DFDBEA2C-ED44-44FA-BF6C-5023C880E247}.Debug|Any CPU.Build.0 = Debug|Any CPU
		{DFDBEA2C-ED44-44FA-BF6C-5023C880E247}.Release|Any CPU.ActiveCfg = Release|Any CPU
		{DFDBEA2C-ED44-44FA-BF6C-5023C880E247}.Release|Any CPU.Build.0 = Release|Any CPU
		{50E3873E-A34B-43EC-805B-A0A43104A531}.Debug|Any CPU.ActiveCfg = Debug|Any CPU
		{50E3873E-A34B-43EC-805B-A0A43104A531}.Debug|Any CPU.Build.0 = Debug|Any CPU
		{50E3873E-A34B-43EC-805B-A0A43104A531}.Release|Any CPU.ActiveCfg = Release|Any CPU
		{50E3873E-A34B-43EC-805B-A0A43104A531}.Release|Any CPU.Build.0 = Release|Any CPU
	EndGlobalSection
	GlobalSection(SolutionProperties) = preSolution
		HideSolutionNode = FALSE
	EndGlobalSection
EndGlobal
